
Microsoft Visual Studio Solution File, Format Version 12.00
# Visual Studio Version 16
VisualStudioVersion = 16.0.30413.136
MinimumVisualStudioVersion = 10.0.40219.1
Project("{FAE04EC0-301F-11D3-BF4B-00C04F79EFBC}") = "Library.Server", "Server\Library.Server.csproj", "{8235E674-7D8C-4EEC-90D8-A6A573F0D956}"
EndProject
Project("{FAE04EC0-301F-11D3-BF4B-00C04F79EFBC}") = "Library.Client", "Client\Library.Client.csproj", "{9FF70099-A1BC-4119-9774-B45DADA64D61}"
EndProject
Project("{FAE04EC0-301F-11D3-BF4B-00C04F79EFBC}") = "Library.Shared", "Shared\Library.Shared.csproj", "{56F5FC9D-8CD9-4328-997B-07232949AAD7}"
EndProject
Global
	GlobalSection(SolutionConfigurationPlatforms) = preSolution
		Debug|Any CPU = Debug|Any CPU
		Release|Any CPU = Release|Any CPU
	EndGlobalSection
	GlobalSection(ProjectConfigurationPlatforms) = postSolution
		{8235E674-7D8C-4EEC-90D8-A6A573F0D956}.Debug|Any CPU.ActiveCfg = Debug|Any CPU
		{8235E674-7D8C-4EEC-90D8-A6A573F0D956}.Debug|Any CPU.Build.0 = Debug|Any CPU
		{8235E674-7D8C-4EEC-90D8-A6A573F0D956}.Release|Any CPU.ActiveCfg = Release|Any CPU
		{8235E674-7D8C-4EEC-90D8-A6A573F0D956}.Release|Any CPU.Build.0 = Release|Any CPU
		{9FF70099-A1BC-4119-9774-B45DADA64D61}.Debug|Any CPU.ActiveCfg = Debug|Any CPU
		{9FF70099-A1BC-4119-9774-B45DADA64D61}.Debug|Any CPU.Build.0 = Debug|Any CPU
		{9FF70099-A1BC-4119-9774-B45DADA64D61}.Release|Any CPU.ActiveCfg = Release|Any CPU
		{9FF70099-A1BC-4119-9774-B45DADA64D61}.Release|Any CPU.Build.0 = Release|Any CPU
		{56F5FC9D-8CD9-4328-997B-07232949AAD7}.Debug|Any CPU.ActiveCfg = Debug|Any CPU
		{56F5FC9D-8CD9-4328-997B-07232949AAD7}.Debug|Any CPU.Build.0 = Debug|Any CPU
		{56F5FC9D-8CD9-4328-997B-07232949AAD7}.Release|Any CPU.ActiveCfg = Release|Any CPU
		{56F5FC9D-8CD9-4328-997B-07232949AAD7}.Release|Any CPU.Build.0 = Release|Any CPU
	EndGlobalSection
	GlobalSection(SolutionProperties) = preSolution
		HideSolutionNode = FALSE
	EndGlobalSection
	GlobalSection(ExtensibilityGlobals) = postSolution
		SolutionGuid = {BBF33632-6EA3-49EB-8832-883E01F6EA71}
	EndGlobalSection
EndGlobal
